
Microsoft Visual Studio Solution File, Format Version 12.00
# Visual Studio Version 17
VisualStudioVersion = 17.7.34003.232
MinimumVisualStudioVersion = 10.0.40219.1
Project("{FAE04EC0-301F-11D3-BF4B-00C04F79EFBC}") = "WebApplicationReact", "WebApplicationReact\WebApplicationReact.csproj", "{EC1668A9-1734-4463-9A16-4D157FE3A944}"
EndProject
Global
	GlobalSection(SolutionConfigurationPlatforms) = preSolution
		Debug|Any CPU = Debug|Any CPU
		Release|Any CPU = Release|Any CPU
	EndGlobalSection
	GlobalSection(ProjectConfigurationPlatforms) = postSolution
		{EC1668A9-1734-4463-9A16-4D157FE3A944}.Debug|Any CPU.ActiveCfg = Debug|Any CPU
		{EC1668A9-1734-4463-9A16-4D157FE3A944}.Debug|Any CPU.Build.0 = Debug|Any CPU
		{EC1668A9-1734-4463-9A16-4D157FE3A944}.Release|Any CPU.ActiveCfg = Release|Any CPU
		{EC1668A9-1734-4463-9A16-4D157FE3A944}.Release|Any CPU.Build.0 = Release|Any CPU
	EndGlobalSection
	GlobalSection(SolutionProperties) = preSolution
		HideSolutionNode = FALSE
	EndGlobalSection
	GlobalSection(ExtensibilityGlobals) = postSolution
		SolutionGuid = {771E4F87-3DE2-417E-A831-F0720064E656}
	EndGlobalSection
EndGlobal
